{
  "name": "micro-fe-example",
  "lockfileVersion": 2,
  "requires": true,
  "packages": {
    "": {
      "dependencies": {
        "proxy-compare": "^1.1.6"
      }
    },
    "node_modules/proxy-compare": {
      "version": "1.1.6",
      "resolved": "https://registry.npmjs.org/proxy-compare/-/proxy-compare-1.1.6.tgz",
      "integrity": "sha512-V65euKrKgKjVyEh5+4nVlAf4dHJ6Q0cF77MCeZiJaOldAl9lndy/u270SJneHiz3UkVcSIhxfOKY7aFkrMyo5g=="
    }
  },
  "dependencies": {
    "proxy-compare": {
      "version": "1.1.6",
      "resolved": "https://registry.npmjs.org/proxy-compare/-/proxy-compare-1.1.6.tgz",
      "integrity": "sha512-V65euKrKgKjVyEh5+4nVlAf4dHJ6Q0cF77MCeZiJaOldAl9lndy/u270SJneHiz3UkVcSIhxfOKY7aFkrMyo5g=="
    }
  }
}
